
Microsoft Visual Studio Solution File, Format Version 12.00
# Visual Studio Version 17
VisualStudioVersion = 17.0.31903.59
MinimumVisualStudioVersion = 10.0.40219.1
Project("{FAE04EC0-301F-11D3-BF4B-00C04F79EFBC}") = "CloudNativeInventory.Api", "CloudNativeInventory.Api\CloudNativeInventory.Api.csproj", "{7FAA778D-60ED-4226-A68D-7D05BA7B083B}"
EndProject
Project("{FAE04EC0-301F-11D3-BF4B-00C04F79EFBC}") = "CloudNativeInventory.Tests", "CloudNativeInventory.Tests\CloudNativeInventory.Tests.csproj", "{866D26BF-5DF0-4241-BDCA-8BAD0BD148B2}"
EndProject
Global
	GlobalSection(SolutionConfigurationPlatforms) = preSolution
		Debug|Any CPU = Debug|Any CPU
		Debug|x64 = Debug|x64
		Debug|x86 = Debug|x86
		Release|Any CPU = Release|Any CPU
		Release|x64 = Release|x64
		Release|x86 = Release|x86
	EndGlobalSection
	GlobalSection(ProjectConfigurationPlatforms) = postSolution
		{7FAA778D-60ED-4226-A68D-7D05BA7B083B}.Debug|Any CPU.ActiveCfg = Debug|Any CPU
		{7FAA778D-60ED-4226-A68D-7D05BA7B083B}.Debug|Any CPU.Build.0 = Debug|Any CPU
		{7FAA778D-60ED-4226-A68D-7D05BA7B083B}.Debug|x64.ActiveCfg = Debug|Any CPU
		{7FAA778D-60ED-4226-A68D-7D05BA7B083B}.Debug|x64.Build.0 = Debug|Any CPU
		{7FAA778D-60ED-4226-A68D-7D05BA7B083B}.Debug|x86.ActiveCfg = Debug|Any CPU
		{7FAA778D-60ED-4226-A68D-7D05BA7B083B}.Debug|x86.Build.0 = Debug|Any CPU
		{7FAA778D-60ED-4226-A68D-7D05BA7B083B}.Release|Any CPU.ActiveCfg = Release|Any CPU
		{7FAA778D-60ED-4226-A68D-7D05BA7B083B}.Release|Any CPU.Build.0 = Release|Any CPU
		{7FAA778D-60ED-4226-A68D-7D05BA7B083B}.Release|x64.ActiveCfg = Release|Any CPU
		{7FAA778D-60ED-4226-A68D-7D05BA7B083B}.Release|x64.Build.0 = Release|Any CPU
		{7FAA778D-60ED-4226-A68D-7D05BA7B083B}.Release|x86.ActiveCfg = Release|Any CPU
		{7FAA778D-60ED-4226-A68D-7D05BA7B083B}.Release|x86.Build.0 = Release|Any CPU
		{866D26BF-5DF0-4241-BDCA-8BAD0BD148B2}.Debug|Any CPU.ActiveCfg = Debug|Any CPU
		{866D26BF-5DF0-4241-BDCA-8BAD0BD148B2}.Debug|Any CPU.Build.0 = Debug|Any CPU
		{866D26BF-5DF0-4241-BDCA-8BAD0BD148B2}.Debug|x64.ActiveCfg = Debug|Any CPU
		{866D26BF-5DF0-4241-BDCA-8BAD0BD148B2}.Debug|x64.Build.0 = Debug|Any CPU
		{866D26BF-5DF0-4241-BDCA-8BAD0BD148B2}.Debug|x86.ActiveCfg = Debug|Any CPU
		{866D26BF-5DF0-4241-BDCA-8BAD0BD148B2}.Debug|x86.Build.0 = Debug|Any CPU
		{866D26BF-5DF0-4241-BDCA-8BAD0BD148B2}.Release|Any CPU.ActiveCfg = Release|Any CPU
		{866D26BF-5DF0-4241-BDCA-8BAD0BD148B2}.Release|Any CPU.Build.0 = Release|Any CPU
		{866D26BF-5DF0-4241-BDCA-8BAD0BD148B2}.Release|x64.ActiveCfg = Release|Any CPU
		{866D26BF-5DF0-4241-BDCA-8BAD0BD148B2}.Release|x64.Build.0 = Release|Any CPU
		{866D26BF-5DF0-4241-BDCA-8BAD0BD148B2}.Release|x86.ActiveCfg = Release|Any CPU
		{866D26BF-5DF0-4241-BDCA-8BAD0BD148B2}.Release|x86.Build.0 = Release|Any CPU
	EndGlobalSection
	GlobalSection(SolutionProperties) = preSolution
		HideSolutionNode = FALSE
	EndGlobalSection
EndGlobal
